PODS:
  - CombineX (0.0.1-beta.3)
  - CXCocoa (0.0.1-beta.2):
    - CXCompatible (~> 0.0.1-beta.2)
    - CXFoundation (~> 0.0.1-beta.3)
  - CXCompatible (0.0.1-beta.3)
  - CXFoundation (0.0.1-beta.4):
    - CombineX (~> 0.0.1-beta.3)

DEPENDENCIES:
  - CombineX (from `https://github.com/cx-org/CombineX.git`, branch `master`)
  - CXCocoa (from `../`)
  - CXFoundation (from `https://github.com/cx-org/CXFoundation.git`, branch `master`)

SPEC REPOS:
  https://github.com/cocoapods/specs.git:
    - CXCompatible

EXTERNAL SOURCES:
  CombineX:
    :branch: master
    :git: https://github.com/cx-org/CombineX.git
  CXCocoa:
    :path: "../"
  CXFoundation:
    :branch: master
    :git: https://github.com/cx-org/CXFoundation.git

CHECKOUT OPTIONS:
  CombineX:
    :commit: 37848665666ceace50e7383d2a45aa11ca5d317f
    :git: https://github.com/cx-org/CombineX.git
  CXFoundation:
    :commit: 54e25c18ea3bfd1221ec626f1c4eb30fd8b4f187
    :git: https://github.com/cx-org/CXFoundation.git

SPEC CHECKSUMS:
  CombineX: 65c42d6a95ef122ab15e90d17faf13a7fdf6ab56
  CXCocoa: eba193c619f47c8b0d80826f56d02e81d7c9b320
  CXCompatible: d0b00503556eb41ac01f1ffb21511bb72754d992
  CXFoundation: 91f2da4a1c46167ccbf33ca041b706fdd7ee1663

PODFILE CHECKSUM: 6810dba79a77633e5c9c172e95ed797c54ef9260

COCOAPODS: 1.7.3
