PODS:
  - CombineX (0.0.1-beta.2)
  - CXCocoa (0.0.1-beta.1):
    - CXFoundation (~> 0.0.1-beta.3)
  - CXFoundation (0.0.1-beta.3):
    - CombineX (~> 0.0.1-beta.2)

DEPENDENCIES:
  - CombineX (from `https://github.com/cx-org/CombineX.git`, branch `master`)
  - CXCocoa (from `../`)
  - CXFoundation (from `https://github.com/cx-org/CXFoundation.git`, branch `master`)

EXTERNAL SOURCES:
  CombineX:
    :branch: master
    :git: https://github.com/cx-org/CombineX.git
  CXCocoa:
    :path: "../"
  CXFoundation:
    :branch: master
    :git: https://github.com/cx-org/CXFoundation.git

CHECKOUT OPTIONS:
  CombineX:
    :commit: 9aa0e3e77580bbc4ecd3f34f926c6af5e0b4e2b6
    :git: https://github.com/cx-org/CombineX.git
  CXFoundation:
    :commit: 02fca0f1f7cda77c0c2bd5175b9807a9eed0c06b
    :git: https://github.com/cx-org/CXFoundation.git

SPEC CHECKSUMS:
  CombineX: b8c481e041b5e50faee4c7bf3b87a29c577b29f9
  CXCocoa: ad939069f1d07dbeac405596b49b4c5e37546c8a
  CXFoundation: 93e348f42de7a81f7d33b2613cb3a20a105ca5b8

PODFILE CHECKSUM: 6810dba79a77633e5c9c172e95ed797c54ef9260

COCOAPODS: 1.7.3
